
Microsoft Visual Studio Solution File, Format Version 12.00
# Visual Studio Version 17
VisualStudioVersion = 17.8.34525.116
MinimumVisualStudioVersion = 10.0.40219.1
Project("{FAE04EC0-301F-11D3-BF4B-00C04F79EFBC}") = "Lab9", "Lab9\Lab9.csproj", "{3513F2C1-E4C8-4422-A949-BA992DDF041F}"
EndProject
Project("{FAE04EC0-301F-11D3-BF4B-00C04F79EFBC}") = "TestGeoCoordinates", "TestGeoCoordinates\TestGeoCoordinates.csproj", "{1F896B67-DF64-4E2A-BA6B-A38D25BE22D5}"
EndProject
Global
	GlobalSection(SolutionConfigurationPlatforms) = preSolution
		Debug|Any CPU = Debug|Any CPU
		Release|Any CPU = Release|Any CPU
	EndGlobalSection
	GlobalSection(ProjectConfigurationPlatforms) = postSolution
		{3513F2C1-E4C8-4422-A949-BA992DDF041F}.Debug|Any CPU.ActiveCfg = Debug|Any CPU
		{3513F2C1-E4C8-4422-A949-BA992DDF041F}.Debug|Any CPU.Build.0 = Debug|Any CPU
		{3513F2C1-E4C8-4422-A949-BA992DDF041F}.Release|Any CPU.ActiveCfg = Release|Any CPU
		{3513F2C1-E4C8-4422-A949-BA992DDF041F}.Release|Any CPU.Build.0 = Release|Any CPU
		{1F896B67-DF64-4E2A-BA6B-A38D25BE22D5}.Debug|Any CPU.ActiveCfg = Debug|Any CPU
		{1F896B67-DF64-4E2A-BA6B-A38D25BE22D5}.Debug|Any CPU.Build.0 = Debug|Any CPU
		{1F896B67-DF64-4E2A-BA6B-A38D25BE22D5}.Release|Any CPU.ActiveCfg = Release|Any CPU
		{1F896B67-DF64-4E2A-BA6B-A38D25BE22D5}.Release|Any CPU.Build.0 = Release|Any CPU
	EndGlobalSection
	GlobalSection(SolutionProperties) = preSolution
		HideSolutionNode = FALSE
	EndGlobalSection
	GlobalSection(ExtensibilityGlobals) = postSolution
		SolutionGuid = {DCEE954B-FDD4-45E7-ADE0-162B1B3FB456}
	EndGlobalSection
EndGlobal
